
Microsoft Visual Studio Solution File, Format Version 12.00
# Visual Studio Version 17
VisualStudioVersion = 17.14.36623.8 d17.14
MinimumVisualStudioVersion = 10.0.40219.1
Project("{FAE04EC0-301F-11D3-BF4B-00C04F79EFBC}") = "SLC-S-MobilityManager", "SLC-S-MobilityManager\SLC-S-MobilityManager.csproj", "{75C0EE34-583E-4963-AD83-DC3D62490209}"
EndProject
Project("{2150E333-8FDC-42A3-9474-1A3956D46DE8}") = "Internal", "Internal", "{02EA681E-C7D8-13C7-8484-4AC65E1B71E8}"
EndProject
Project("{2150E333-8FDC-42A3-9474-1A3956D46DE8}") = "Code Analysis", "Code Analysis", "{2BE2AD49-D90A-4EBD-88BA-E6BF47DD6F4E}"
	ProjectSection(SolutionItems) = preProject
		Internal\Code Analysis\qaction-debug.ruleset = Internal\Code Analysis\qaction-debug.ruleset
		Internal\Code Analysis\qaction-release.ruleset = Internal\Code Analysis\qaction-release.ruleset
		Internal\Code Analysis\stylecop.json = Internal\Code Analysis\stylecop.json
	EndProjectSection
EndProject
Project("{FAE04EC0-301F-11D3-BF4B-00C04F79EFBC}") = "AddNewLocation", "AddNewLocation\AddNewLocation.csproj", "{93F3AA34-8C69-8D2A-C9F0-B7689A78E6B3}"
EndProject
Project("{FAE04EC0-301F-11D3-BF4B-00C04F79EFBC}") = "AddNewRoute", "AddNewRoute\AddNewRoute.csproj", "{33A7420F-1342-5E91-0A23-223CC84A9205}"
EndProject
Project("{FAE04EC0-301F-11D3-BF4B-00C04F79EFBC}") = "Alarm Distribution Mobility Manager", "Alarm Distribution Mobility Manager\Alarm Distribution Mobility Manager.csproj", "{7E31B8C1-6B6C-D135-7108-976303963309}"
EndProject
Project("{FAE04EC0-301F-11D3-BF4B-00C04F79EFBC}") = "GetAlarmDistributionForDistance", "GetAlarmDistributionForDistance\GetAlarmDistributionForDistance.csproj", "{37EBE1E4-E743-BCD2-A5FE-6B29199A9613}"
EndProject
Project("{FAE04EC0-301F-11D3-BF4B-00C04F79EFBC}") = "GetAlarmDistributionForDuration", "GetAlarmDistributionForDuration\GetAlarmDistributionForDuration.csproj", "{D19B635E-E036-A21B-5155-16C742997EEC}"
EndProject
Project("{FAE04EC0-301F-11D3-BF4B-00C04F79EFBC}") = "Poly Line String To Route", "Poly Line String To Route\Poly Line String To Route.csproj", "{09966688-22F6-C7D3-CBD6-B2D4CCC3BCFC}"
EndProject
Global
	GlobalSection(SolutionConfigurationPlatforms) = preSolution
		Debug|Any CPU = Debug|Any CPU
		Release|Any CPU = Release|Any CPU
	EndGlobalSection
	GlobalSection(ProjectConfigurationPlatforms) = postSolution
		{75C0EE34-583E-4963-AD83-DC3D62490209}.Debug|Any CPU.ActiveCfg = Debug|Any CPU
		{75C0EE34-583E-4963-AD83-DC3D62490209}.Debug|Any CPU.Build.0 = Debug|Any CPU
		{75C0EE34-583E-4963-AD83-DC3D62490209}.Release|Any CPU.ActiveCfg = Release|Any CPU
		{75C0EE34-583E-4963-AD83-DC3D62490209}.Release|Any CPU.Build.0 = Release|Any CPU
		{93F3AA34-8C69-8D2A-C9F0-B7689A78E6B3}.Debug|Any CPU.ActiveCfg = Debug|Any CPU
		{93F3AA34-8C69-8D2A-C9F0-B7689A78E6B3}.Debug|Any CPU.Build.0 = Debug|Any CPU
		{93F3AA34-8C69-8D2A-C9F0-B7689A78E6B3}.Release|Any CPU.ActiveCfg = Release|Any CPU
		{93F3AA34-8C69-8D2A-C9F0-B7689A78E6B3}.Release|Any CPU.Build.0 = Release|Any CPU
		{33A7420F-1342-5E91-0A23-223CC84A9205}.Debug|Any CPU.ActiveCfg = Debug|Any CPU
		{33A7420F-1342-5E91-0A23-223CC84A9205}.Debug|Any CPU.Build.0 = Debug|Any CPU
		{33A7420F-1342-5E91-0A23-223CC84A9205}.Release|Any CPU.ActiveCfg = Release|Any CPU
		{33A7420F-1342-5E91-0A23-223CC84A9205}.Release|Any CPU.Build.0 = Release|Any CPU
		{7E31B8C1-6B6C-D135-7108-976303963309}.Debug|Any CPU.ActiveCfg = Debug|Any CPU
		{7E31B8C1-6B6C-D135-7108-976303963309}.Debug|Any CPU.Build.0 = Debug|Any CPU
		{7E31B8C1-6B6C-D135-7108-976303963309}.Release|Any CPU.ActiveCfg = Release|Any CPU
		{7E31B8C1-6B6C-D135-7108-976303963309}.Release|Any CPU.Build.0 = Release|Any CPU
		{37EBE1E4-E743-BCD2-A5FE-6B29199A9613}.Debug|Any CPU.ActiveCfg = Debug|Any CPU
		{37EBE1E4-E743-BCD2-A5FE-6B29199A9613}.Debug|Any CPU.Build.0 = Debug|Any CPU
		{37EBE1E4-E743-BCD2-A5FE-6B29199A9613}.Release|Any CPU.ActiveCfg = Release|Any CPU
		{37EBE1E4-E743-BCD2-A5FE-6B29199A9613}.Release|Any CPU.Build.0 = Release|Any CPU
		{D19B635E-E036-A21B-5155-16C742997EEC}.Debug|Any CPU.ActiveCfg = Debug|Any CPU
		{D19B635E-E036-A21B-5155-16C742997EEC}.Debug|Any CPU.Build.0 = Debug|Any CPU
		{D19B635E-E036-A21B-5155-16C742997EEC}.Release|Any CPU.ActiveCfg = Release|Any CPU
		{D19B635E-E036-A21B-5155-16C742997EEC}.Release|Any CPU.Build.0 = Release|Any CPU
		{09966688-22F6-C7D3-CBD6-B2D4CCC3BCFC}.Debug|Any CPU.ActiveCfg = Debug|Any CPU
		{09966688-22F6-C7D3-CBD6-B2D4CCC3BCFC}.Debug|Any CPU.Build.0 = Debug|Any CPU
		{09966688-22F6-C7D3-CBD6-B2D4CCC3BCFC}.Release|Any CPU.ActiveCfg = Release|Any CPU
		{09966688-22F6-C7D3-CBD6-B2D4CCC3BCFC}.Release|Any CPU.Build.0 = Release|Any CPU
	EndGlobalSection
	GlobalSection(SolutionProperties) = preSolution
		HideSolutionNode = FALSE
	EndGlobalSection
	GlobalSection(NestedProjects) = preSolution
		{2BE2AD49-D90A-4EBD-88BA-E6BF47DD6F4E} = {02EA681E-C7D8-13C7-8484-4AC65E1B71E8}
	EndGlobalSection
	GlobalSection(ExtensibilityGlobals) = postSolution
		SolutionGuid = {FA2201A6-816D-4F02-B10D-08BE2AAA3E7B}
	EndGlobalSection
EndGlobal
